
Microsoft Visual Studio Solution File, Format Version 12.00
# Visual Studio Version 16
VisualStudioVersion = 16.0.31313.79
MinimumVisualStudioVersion = 10.0.40219.1
Project("{FAE04EC0-301F-11D3-BF4B-00C04F79EFBC}") = "POO - C2 Ej6", "POO - C2 Ej6\POO - C2 Ej6.csproj", "{F405E55C-A2AC-4374-92BB-C08FFD4008D2}"
EndProject
Global
	GlobalSection(SolutionConfigurationPlatforms) = preSolution
		Debug|Any CPU = Debug|Any CPU
		Release|Any CPU = Release|Any CPU
	EndGlobalSection
	GlobalSection(ProjectConfigurationPlatforms) = postSolution
		{F405E55C-A2AC-4374-92BB-C08FFD4008D2}.Debug|Any CPU.ActiveCfg = Debug|Any CPU
		{F405E55C-A2AC-4374-92BB-C08FFD4008D2}.Debug|Any CPU.Build.0 = Debug|Any CPU
		{F405E55C-A2AC-4374-92BB-C08FFD4008D2}.Release|Any CPU.ActiveCfg = Release|Any CPU
		{F405E55C-A2AC-4374-92BB-C08FFD4008D2}.Release|Any CPU.Build.0 = Release|Any CPU
	EndGlobalSection
	GlobalSection(SolutionProperties) = preSolution
		HideSolutionNode = FALSE
	EndGlobalSection
	GlobalSection(ExtensibilityGlobals) = postSolution
		SolutionGuid = {572E2813-3559-4CAE-B910-E99E0F64C453}
	EndGlobalSection
EndGlobal
